{
  "name": "signalk-anchoralarm-plugin",
  "version": "1.8.0",
  "lockfileVersion": 1,
  "requires": true,
  "dependencies": {
    "baconjs": {
      "version": "3.0.11",
      "resolved": "https://registry.npmjs.org/baconjs/-/baconjs-3.0.11.tgz",
      "integrity": "sha512-4Yh+JlGV4L5e+t6T74vle/+H5LRfviDB5PLZYoZNi4Tw2kza6iyiLi6t0ivYIY8tw6TJnr/jWxqgyWxE9pLlRQ=="
    },
    "lodash": {
      "version": "4.17.4",
      "resolved": "https://registry.npmjs.org/lodash/-/lodash-4.17.4.tgz",
      "integrity": "sha1-eCA6TRwyiuHYbcpkYONptX9AVa4="
    }
  }
}
