{
  "name": "signalk-anchoralarm-plugin",
  "version": "1.8.0",
  "lockfileVersion": 1,
  "requires": true,
  "dependencies": {
    "baconjs": {
      "version": "3.0.9",
      "resolved": "https://registry.npmjs.org/baconjs/-/baconjs-3.0.9.tgz",
      "integrity": "sha512-jmVRdZhlnOXWoB/ad1lZVeLstSBxJ4/tQmZ7eqNNlSMvVKgysX0iQ8KJkN3MP0q0DWevqwujcvB9nmeLjN51pg=="
    },
    "lodash": {
      "version": "4.17.4",
      "resolved": "https://registry.npmjs.org/lodash/-/lodash-4.17.4.tgz",
      "integrity": "sha1-eCA6TRwyiuHYbcpkYONptX9AVa4="
    }
  }
}
