{
  "name": "signalk-anchoralarm-plugin",
  "version": "1.8.0",
  "lockfileVersion": 1,
  "requires": true,
  "dependencies": {
    "baconjs": {
      "version": "3.0.6",
      "resolved": "https://registry.npmjs.org/baconjs/-/baconjs-3.0.6.tgz",
      "integrity": "sha512-udI68YURbbVmBN5dbeaGUjGv3uZCqz4Ul3udl3oSOVQhcmPL3GGQiX6P8EZH28ciJzN9HUhh7bFy6zUEdGuh9Q=="
    },
    "lodash": {
      "version": "4.17.4",
      "resolved": "https://registry.npmjs.org/lodash/-/lodash-4.17.4.tgz",
      "integrity": "sha1-eCA6TRwyiuHYbcpkYONptX9AVa4="
    }
  }
}
